
Microsoft Visual Studio Solution File, Format Version 12.00
# Visual Studio Version 17
VisualStudioVersion = 17.4.33122.133
MinimumVisualStudioVersion = 10.0.40219.1
Project("{FAE04EC0-301F-11D3-BF4B-00C04F79EFBC}") = "MyFriends", "MyFriends\MyFriends.csproj", "{EB5F4196-31FC-47E6-9DE6-316A7B8ADAF3}"
EndProject
Global
	GlobalSection(SolutionConfigurationPlatforms) = preSolution
		Debug|Any CPU = Debug|Any CPU
		Release|Any CPU = Release|Any CPU
	EndGlobalSection
	GlobalSection(ProjectConfigurationPlatforms) = postSolution
		{EB5F4196-31FC-47E6-9DE6-316A7B8ADAF3}.Debug|Any CPU.ActiveCfg = Debug|Any CPU
		{EB5F4196-31FC-47E6-9DE6-316A7B8ADAF3}.Debug|Any CPU.Build.0 = Debug|Any CPU
		{EB5F4196-31FC-47E6-9DE6-316A7B8ADAF3}.Release|Any CPU.ActiveCfg = Release|Any CPU
		{EB5F4196-31FC-47E6-9DE6-316A7B8ADAF3}.Release|Any CPU.Build.0 = Release|Any CPU
	EndGlobalSection
	GlobalSection(SolutionProperties) = preSolution
		HideSolutionNode = FALSE
	EndGlobalSection
	GlobalSection(ExtensibilityGlobals) = postSolution
		SolutionGuid = {649A430A-C1C1-4751-96A8-329E34A40673}
	EndGlobalSection
EndGlobal
